
Microsoft Visual Studio Solution File, Format Version 12.00
# Visual Studio Version 17
VisualStudioVersion = 17.1.32421.90
MinimumVisualStudioVersion = 10.0.40219.1
Project("{FAE04EC0-301F-11D3-BF4B-00C04F79EFBC}") = "Software_Canchas_2022", "Software_Canchas_2022.csproj", "{1B3E5149-1AD9-4ABF-AD75-1A042D00383A}"
EndProject
Project("{FAE04EC0-301F-11D3-BF4B-00C04F79EFBC}") = "BE", "..\BE\BE.csproj", "{1AB15C69-A1FF-48F3-A2AA-6D5E519B17A1}"
EndProject
Project("{FAE04EC0-301F-11D3-BF4B-00C04F79EFBC}") = "DAL", "..\DAL\DAL.csproj", "{67A273A0-CE29-4453-8508-9B5A1CF4BC4D}"
EndProject
Project("{FAE04EC0-301F-11D3-BF4B-00C04F79EFBC}") = "Interfaces", "..\Interfaces\Interfaces.csproj", "{463C54EF-8854-48B7-B24D-9DAFD9E317AA}"
EndProject
Project("{FAE04EC0-301F-11D3-BF4B-00C04F79EFBC}") = "BLL", "..\BLL\BLL.csproj", "{78190EAC-0870-4F6A-BB10-3903429E6DD4}"
EndProject
Project("{FAE04EC0-301F-11D3-BF4B-00C04F79EFBC}") = "Servicios", "..\Servicios\Servicios.csproj", "{DD928695-29C2-4A3E-86AA-41948B4580FE}"
EndProject
Project("{54435603-DBB4-11D2-8724-00A0C9A8B90C}") = "Setup", "..\Setup\Setup.vdproj", "{2C137737-CED3-489C-935A-108EF4213D82}"
EndProject
Global
	GlobalSection(SolutionConfigurationPlatforms) = preSolution
		Debug|Any CPU = Debug|Any CPU
		Release|Any CPU = Release|Any CPU
	EndGlobalSection
	GlobalSection(ProjectConfigurationPlatforms) = postSolution
		{1B3E5149-1AD9-4ABF-AD75-1A042D00383A}.Debug|Any CPU.ActiveCfg = Debug|Any CPU
		{1B3E5149-1AD9-4ABF-AD75-1A042D00383A}.Debug|Any CPU.Build.0 = Debug|Any CPU
		{1B3E5149-1AD9-4ABF-AD75-1A042D00383A}.Release|Any CPU.ActiveCfg = Release|Any CPU
		{1B3E5149-1AD9-4ABF-AD75-1A042D00383A}.Release|Any CPU.Build.0 = Release|Any CPU
		{1AB15C69-A1FF-48F3-A2AA-6D5E519B17A1}.Debug|Any CPU.ActiveCfg = Debug|Any CPU
		{1AB15C69-A1FF-48F3-A2AA-6D5E519B17A1}.Debug|Any CPU.Build.0 = Debug|Any CPU
		{1AB15C69-A1FF-48F3-A2AA-6D5E519B17A1}.Release|Any CPU.ActiveCfg = Release|Any CPU
		{1AB15C69-A1FF-48F3-A2AA-6D5E519B17A1}.Release|Any CPU.Build.0 = Release|Any CPU
		{67A273A0-CE29-4453-8508-9B5A1CF4BC4D}.Debug|Any CPU.ActiveCfg = Debug|Any CPU
		{67A273A0-CE29-4453-8508-9B5A1CF4BC4D}.Debug|Any CPU.Build.0 = Debug|Any CPU
		{67A273A0-CE29-4453-8508-9B5A1CF4BC4D}.Release|Any CPU.ActiveCfg = Release|Any CPU
		{67A273A0-CE29-4453-8508-9B5A1CF4BC4D}.Release|Any CPU.Build.0 = Release|Any CPU
		{463C54EF-8854-48B7-B24D-9DAFD9E317AA}.Debug|Any CPU.ActiveCfg = Debug|Any CPU
		{463C54EF-8854-48B7-B24D-9DAFD9E317AA}.Debug|Any CPU.Build.0 = Debug|Any CPU
		{463C54EF-8854-48B7-B24D-9DAFD9E317AA}.Release|Any CPU.ActiveCfg = Release|Any CPU
		{463C54EF-8854-48B7-B24D-9DAFD9E317AA}.Release|Any CPU.Build.0 = Release|Any CPU
		{78190EAC-0870-4F6A-BB10-3903429E6DD4}.Debug|Any CPU.ActiveCfg = Debug|Any CPU
		{78190EAC-0870-4F6A-BB10-3903429E6DD4}.Debug|Any CPU.Build.0 = Debug|Any CPU
		{78190EAC-0870-4F6A-BB10-3903429E6DD4}.Release|Any CPU.ActiveCfg = Release|Any CPU
		{78190EAC-0870-4F6A-BB10-3903429E6DD4}.Release|Any CPU.Build.0 = Release|Any CPU
		{DD928695-29C2-4A3E-86AA-41948B4580FE}.Debug|Any CPU.ActiveCfg = Debug|Any CPU
		{DD928695-29C2-4A3E-86AA-41948B4580FE}.Debug|Any CPU.Build.0 = Debug|Any CPU
		{DD928695-29C2-4A3E-86AA-41948B4580FE}.Release|Any CPU.ActiveCfg = Release|Any CPU
		{DD928695-29C2-4A3E-86AA-41948B4580FE}.Release|Any CPU.Build.0 = Release|Any CPU
		{2C137737-CED3-489C-935A-108EF4213D82}.Debug|Any CPU.ActiveCfg = Debug
		{2C137737-CED3-489C-935A-108EF4213D82}.Release|Any CPU.ActiveCfg = Release
	EndGlobalSection
	GlobalSection(SolutionProperties) = preSolution
		HideSolutionNode = FALSE
	EndGlobalSection
	GlobalSection(ExtensibilityGlobals) = postSolution
		SolutionGuid = {74A324F8-3BF9-41CA-BA05-DD3CE2B38CCC}
	EndGlobalSection
EndGlobal
